// !$*UTF8*$!
{
	archiveVersion = 1;
	classes = {
	};
	objectVersion = 50;
	objects = {

/* Begin PBXBuildFile section */
		8D342131233D03630039CC8E /* AppDelegate.swift in Sources */ = {isa = PBXBuildFile; fileRef = 8D342130233D03630039CC8E /* AppDelegate.swift */; };
		8D342133233D03630039CC8E /* SceneDelegate.swift in Sources */ = {isa = PBXBuildFile; fileRef = 8D342132233D03630039CC8E /* SceneDelegate.swift */; };
		8D342135233D03630039CC8E /* ContentView.swift in Sources */ = {isa = PBXBuildFile; fileRef = 8D342134233D03630039CC8E /* ContentView.swift */; };
		8D342137233D03670039CC8E /* Assets.xcassets in Resources */ = {isa = PBXBuildFile; fileRef = 8D342136233D03670039CC8E /* Assets.xcassets */; };
		8D34213A233D03670039CC8E /* Preview Assets.xcassets in Resources */ = {isa = PBXBuildFile; fileRef = 8D342139233D03670039CC8E /* Preview Assets.xcassets */; };
		8D34213D233D03670039CC8E /* LaunchScreen.storyboard in Resources */ = {isa = PBXBuildFile; fileRef = 8D34213B233D03670039CC8E /* LaunchScreen.storyboard */; };
		8D342145233D086C0039CC8E /* URLImage.swift in Sources */ = {isa = PBXBuildFile; fileRef = 8D342144233D086C0039CC8E /* URLImage.swift */; };
		8D342147233D0E7B0039CC8E /* Constants.swift in Sources */ = {isa = PBXBuildFile; fileRef = 8D342146233D0E7B0039CC8E /* Constants.swift */; };
		8D342149233D0ED90039CC8E /* ImageDownloader.swift in Sources */ = {isa = PBXBuildFile; fileRef = 8D342148233D0ED90039CC8E /* ImageDownloader.swift */; };
/* End PBXBuildFile section */

/* Begin PBXFileReference section */
		8D34212D233D03630039CC8E /* DownloadImageSwiftUI.app */ = {isa = PBXFileReference; explicitFileType = wrapper.application; includeInIndex = 0; path = DownloadImageSwiftUI.app; sourceTree = BUILT_PRODUCTS_DIR; };
		8D342130233D03630039CC8E /* AppDelegate.swift */ = {isa = PBXFileReference; lastKnownFileType = sourcecode.swift; path = AppDelegate.swift; sourceTree = "<group>"; };
		8D342132233D03630039CC8E /* SceneDelegate.swift */ = {isa = PBXFileReference; lastKnownFileType = sourcecode.swift; path = SceneDelegate.swift; sourceTree = "<group>"; };
		8D342134233D03630039CC8E /* ContentView.swift */ = {isa = PBXFileReference; lastKnownFileType = sourcecode.swift; path = ContentView.swift; sourceTree = "<group>"; };
		8D342136233D03670039CC8E /* Assets.xcassets */ = {isa = PBXFileReference; lastKnownFileType = folder.assetcatalog; path = Assets.xcassets; sourceTree = "<group>"; };
		8D342139233D03670039CC8E /* Preview Assets.xcassets */ = {isa = PBXFileReference; lastKnownFileType = folder.assetcatalog; path = "Preview Assets.xcassets"; sourceTree = "<group>"; };
		8D34213C233D03670039CC8E /* Base */ = {isa = PBXFileReference; lastKnownFileType = file.storyboard; name = Base; path = Base.lproj/LaunchScreen.storyboard; sourceTree = "<group>"; };
		8D34213E233D03670039CC8E /* Info.plist */ = {isa = PBXFileReference; lastKnownFileType = text.plist.xml; path = Info.plist; sourceTree = "<group>"; };
		8D342144233D086C0039CC8E /* URLImage.swift */ = {isa = PBXFileReference; lastKnownFileType = sourcecode.swift; path = URLImage.swift; sourceTree = "<group>"; };
		8D342146233D0E7B0039CC8E /* Constants.swift */ = {isa = PBXFileReference; lastKnownFileType = sourcecode.swift; path = Constants.swift; sourceTree = "<group>"; };
		8D342148233D0ED90039CC8E /* ImageDownloader.swift */ = {isa = PBXFileReference; lastKnownFileType = sourcecode.swift; path = ImageDownloader.swift; sourceTree = "<group>"; };
/* End PBXFileReference section */

/* Begin PBXFrameworksBuildPhase section */
		8D34212A233D03630039CC8E /* Frameworks */ = {
			isa = PBXFrameworksBuildPhase;
			buildActionMask = 2147483647;
			files = (
			);
			runOnlyForDeploymentPostprocessing = 0;
		};
/* End PBXFrameworksBuildPhase section */

/* Begin PBXGroup section */
		8D342124233D03630039CC8E = {
			isa = PBXGroup;
			children = (
				8D34212F233D03630039CC8E /* DownloadImageSwiftUI */,
				8D34212E233D03630039CC8E /* Products */,
			);
			sourceTree = "<group>";
		};
		8D34212E233D03630039CC8E /* Products */ = {
			isa = PBXGroup;
			children = (
				8D34212D233D03630039CC8E /* DownloadImageSwiftUI.app */,
			);
			name = Products;
			sourceTree = "<group>";
		};
		8D34212F233D03630039CC8E /* DownloadImageSwiftUI */ = {
			isa = PBXGroup;
			children = (
				8D342130233D03630039CC8E /* AppDelegate.swift */,
				8D342132233D03630039CC8E /* SceneDelegate.swift */,
				8D342134233D03630039CC8E /* ContentView.swift */,
				8D342136233D03670039CC8E /* Assets.xcassets */,
				8D34213B233D03670039CC8E /* LaunchScreen.storyboard */,
				8D34213E233D03670039CC8E /* Info.plist */,
				8D342138233D03670039CC8E /* Preview Content */,
				8D342144233D086C0039CC8E /* URLImage.swift */,
				8D342146233D0E7B0039CC8E /* Constants.swift */,
				8D342148233D0ED90039CC8E /* ImageDownloader.swift */,
			);
			path = DownloadImageSwiftUI;
			sourceTree = "<group>";
		};
		8D342138233D03670039CC8E /* Preview Content */ = {
			isa = PBXGroup;
			children = (
				8D342139233D03670039CC8E /* Preview Assets.xcassets */,
			);
			path = "Preview Content";
			sourceTree = "<group>";
		};
/* End PBXGroup section */

/* Begin PBXNativeTarget section */
		8D34212C233D03630039CC8E /* DownloadImageSwiftUI */ = {
			isa = PBXNativeTarget;
			buildConfigurationList = 8D342141233D03670039CC8E /* Build configuration list for PBXNativeTarget "DownloadImageSwiftUI" */;
			buildPhases = (
				8D342129233D03630039CC8E /* Sources */,
				8D34212A233D03630039CC8E /* Frameworks */,
				8D34212B233D03630039CC8E /* Resources */,
			);
			buildRules = (
			);
			dependencies = (
			);
			name = DownloadImageSwiftUI;
			productName = DownloadImageSwiftUI;
			productReference = 8D34212D233D03630039CC8E /* DownloadImageSwiftUI.app */;
			productType = "com.apple.product-type.application";
		};
/* End PBXNativeTarget section */

/* Begin PBXProject section */
		8D342125233D03630039CC8E /* Project object */ = {
			isa = PBXProject;
			attributes = {
				LastSwiftUpdateCheck = 1110;
				LastUpgradeCheck = 1110;
				ORGANIZATIONNAME = "Mohammad Azam";
				TargetAttributes = {
					8D34212C233D03630039CC8E = {
						CreatedOnToolsVersion = 11.1;
					};
				};
			};
			buildConfigurationList = 8D342128233D03630039CC8E /* Build configuration list for PBXProject "DownloadImageSwiftUI" */;
			compatibilityVersion = "Xcode 9.3";
			developmentRegion = en;
			hasScannedForEncodings = 0;
			knownRegions = (
				en,
				Base,
			);
			mainGroup = 8D342124233D03630039CC8E;
			productRefGroup = 8D34212E233D03630039CC8E /* Products */;
			projectDirPath = "";
			projectRoot = "";
			targets = (
				8D34212C233D03630039CC8E /* DownloadImageSwiftUI */,
			);
		};
/* End PBXProject section */

/* Begin PBXResourcesBuildPhase section */
		8D34212B233D03630039CC8E /* Resources */ = {
			isa = PBXResourcesBuildPhase;
			buildActionMask = 2147483647;
			files = (
				8D34213D233D03670039CC8E /* LaunchScreen.storyboard in Resources */,
				8D34213A233D03670039CC8E /* Preview Assets.xcassets in Resources */,
				8D342137233D03670039CC8E /* Assets.xcassets in Resources */,
			);
			runOnlyForDeploymentPostprocessing = 0;
		};
/* End PBXResourcesBuildPhase section */

/* Begin PBXSourcesBuildPhase section */
		8D342129233D03630039CC8E /* Sources */ = {
			isa = PBXSourcesBuildPhase;
			buildActionMask = 2147483647;
			files = (
				8D342147233D0E7B0039CC8E /* Constants.swift in Sources */,
				8D342131233D03630039CC8E /* AppDelegate.swift in Sources */,
				8D342133233D03630039CC8E /* SceneDelegate.swift in Sources */,
				8D342135233D03630039CC8E /* ContentView.swift in Sources */,
				8D342149233D0ED90039CC8E /* ImageDownloader.swift in Sources */,
				8D342145233D086C0039CC8E /* URLImage.swift in Sources */,
			);
			runOnlyForDeploymentPostprocessing = 0;
		};
/* End PBXSourcesBuildPhase section */

/* Begin PBXVariantGroup section */
		8D34213B233D03670039CC8E /* LaunchScreen.storyboard */ = {
			isa = PBXVariantGroup;
			children = (
				8D34213C233D03670039CC8E /* Base */,
			);
			name = LaunchScreen.storyboard;
			sourceTree = "<group>";
		};
/* End PBXVariantGroup section */

/* Begin XCBuildConfiguration section */
		8D34213F233D03670039CC8E /* Debug */ = {
			isa = XCBuildConfiguration;
			buildSettings = {
				ALWAYS_SEARCH_USER_PATHS = NO;
				CLANG_ANALYZER_NONNULL = YES;
				CLANG_ANALYZER_NUMBER_OBJECT_CONVERSION = YES_AGGRESSIVE;
				CLANG_CXX_LANGUAGE_STANDARD = "gnu++14";
				CLANG_CXX_LIBRARY = "libc++";
				CLANG_ENABLE_MODULES = YES;
				CLANG_ENABLE_OBJC_ARC = YES;
				CLANG_ENABLE_OBJC_WEAK = YES;
				CLANG_WARN_BLOCK_CAPTURE_AUTORELEASING = YES;
				CLANG_WARN_BOOL_CONVERSION = YES;
				CLANG_WARN_COMMA = YES;
				CLANG_WARN_CONSTANT_CONVERSION = YES;
				CLANG_WARN_DEPRECATED_OBJC_IMPLEMENTATIONS = YES;
				CLANG_WARN_DIRECT_OBJC_ISA_USAGE = YES_ERROR;
				CLANG_WARN_DOCUMENTATION_COMMENTS = YES;
				CLANG_WARN_EMPTY_BODY = YES;
				CLANG_WARN_ENUM_CONVERSION = YES;
				CLANG_WARN_INFINITE_RECURSION = YES;
				CLANG_WARN_INT_CONVERSION = YES;
				CLANG_WARN_NON_LITERAL_NULL_CONVERSION = YES;
				CLANG_WARN_OBJC_IMPLICIT_RETAIN_SELF = YES;
				CLANG_WARN_OBJC_LITERAL_CONVERSION = YES;
				CLANG_WARN_OBJC_ROOT_CLASS = YES_ERROR;
				CLANG_WARN_RANGE_LOOP_ANALYSIS = YES;
				CLANG_WARN_STRICT_PROTOTYPES = YES;
				CLANG_WARN_SUSPICIOUS_MOVE = YES;
				CLANG_WARN_UNGUARDED_AVAILABILITY = YES_AGGRESSIVE;
				CLANG_WARN_UNREACHABLE_CODE = YES;
				CLANG_WARN__DUPLICATE_METHOD_MATCH = YES;
				COPY_PHASE_STRIP = NO;
				DEBUG_INFORMATION_FORMAT = dwarf;
				ENABLE_STRICT_OBJC_MSGSEND = YES;
				ENABLE_TESTABILITY = YES;
				GCC_C_LANGUAGE_STANDARD = gnu11;
				GCC_DYNAMIC_NO_PIC = NO;
				GCC_NO_COMMON_BLOCKS = YES;
				GCC_OPTIMIZATION_LEVEL = 0;
				GCC_PREPROCESSOR_DEFINITIONS = (
					"DEBUG=1",
					"$(inherited)",
				);
				GCC_WARN_64_TO_32_BIT_CONVERSION = YES;
				GCC_WARN_ABOUT_RETURN_TYPE = YES_ERROR;
				GCC_WARN_UNDECLARED_SELECTOR = YES;
				GCC_WARN_UNINITIALIZED_AUTOS = YES_AGGRESSIVE;
				GCC_WARN_UNUSED_FUNCTION = YES;
				GCC_WARN_UNUSED_VARIABLE = YES;
				IPHONEOS_DEPLOYMENT_TARGET = 13.1;
				MTL_ENABLE_DEBUG_INFO = INCLUDE_SOURCE;
				MTL_FAST_MATH = YES;
				ONLY_ACTIVE_ARCH = YES;
				SDKROOT = iphoneos;
				SWIFT_ACTIVE_COMPILATION_CONDITIONS = DEBUG;
				SWIFT_OPTIMIZATION_LEVEL = "-Onone";
			};
			name = Debug;
		};
		8D342140233D03670039CC8E /* Release */ = {
			isa = XCBuildConfiguration;
			buildSettings = {
				ALWAYS_SEARCH_USER_PATHS = NO;
				CLANG_ANALYZER_NONNULL = YES;
				CLANG_ANALYZER_NUMBER_OBJECT_CONVERSION = YES_AGGRESSIVE;
				CLANG_CXX_LANGUAGE_STANDARD = "gnu++14";
				CLANG_CXX_LIBRARY = "libc++";
				CLANG_ENABLE_MODULES = YES;
				CLANG_ENABLE_OBJC_ARC = YES;
				CLANG_ENABLE_OBJC_WEAK = YES;
				CLANG_WARN_BLOCK_CAPTURE_AUTORELEASING = YES;
				CLANG_WARN_BOOL_CONVERSION = YES;
				CLANG_WARN_COMMA = YES;
				CLANG_WARN_CONSTANT_CONVERSION = YES;
				CLANG_WARN_DEPRECATED_OBJC_IMPLEMENTATIONS = YES;
				CLANG_WARN_DIRECT_OBJC_ISA_USAGE = YES_ERROR;
				CLANG_WARN_DOCUMENTATION_COMMENTS = YES;
				CLANG_WARN_EMPTY_BODY = YES;
				CLANG_WARN_ENUM_CONVERSION = YES;
				CLANG_WARN_INFINITE_RECURSION = YES;
				CLANG_WARN_INT_CONVERSION = YES;
				CLANG_WARN_NON_LITERAL_NULL_CONVERSION = YES;
				CLANG_WARN_OBJC_IMPLICIT_RETAIN_SELF = YES;
				CLANG_WARN_OBJC_LITERAL_CONVERSION = YES;
				CLANG_WARN_OBJC_ROOT_CLASS = YES_ERROR;
				CLANG_WARN_RANGE_LOOP_ANALYSIS = YES;
				CLANG_WARN_STRICT_PROTOTYPES = YES;
				CLANG_WARN_SUSPICIOUS_MOVE = YES;
				CLANG_WARN_UNGUARDED_AVAILABILITY = YES_AGGRESSIVE;
				CLANG_WARN_UNREACHABLE_CODE = YES;
				CLANG_WARN__DUPLICATE_METHOD_MATCH = YES;
				COPY_PHASE_STRIP = NO;
				DEBUG_INFORMATION_FORMAT = "dwarf-with-dsym";
				ENABLE_NS_ASSERTIONS = NO;
				ENABLE_STRICT_OBJC_MSGSEND = YES;
				GCC_C_LANGUAGE_STANDARD = gnu11;
				GCC_NO_COMMON_BLOCKS = YES;
				GCC_WARN_64_TO_32_BIT_CONVERSION = YES;
				GCC_WARN_ABOUT_RETURN_TYPE = YES_ERROR;
				GCC_WARN_UNDECLARED_SELECTOR = YES;
				GCC_WARN_UNINITIALIZED_AUTOS = YES_AGGRESSIVE;
				GCC_WARN_UNUSED_FUNCTION = YES;
				GCC_WARN_UNUSED_VARIABLE = YES;
				IPHONEOS_DEPLOYMENT_TARGET = 13.1;
				MTL_ENABLE_DEBUG_INFO = NO;
				MTL_FAST_MATH = YES;
				SDKROOT = iphoneos;
				SWIFT_COMPILATION_MODE = wholemodule;
				SWIFT_OPTIMIZATION_LEVEL = "-O";
				VALIDATE_PRODUCT = YES;
			};
			name = Release;
		};
		8D342142233D03670039CC8E /* Debug */ = {
			isa = XCBuildConfiguration;
			buildSettings = {
				ASSETCATALOG_COMPILER_APPICON_NAME = AppIcon;
				CODE_SIGN_STYLE = Automatic;
				DEVELOPMENT_ASSET_PATHS = "\"DownloadImageSwiftUI/Preview Content\"";
				DEVELOPMENT_TEAM = B2Q8EGNCQA;
				ENABLE_PREVIEWS = YES;
				INFOPLIST_FILE = DownloadImageSwiftUI/Info.plist;
				LD_RUNPATH_SEARCH_PATHS = (
					"$(inherited)",
					"@executable_path/Frameworks",
				);
				PRODUCT_BUNDLE_IDENTIFIER = com.azamsharp.DownloadImageSwiftUI;
				PRODUCT_NAME = "$(TARGET_NAME)";
				SWIFT_VERSION = 5.0;
				TARGETED_DEVICE_FAMILY = "1,2";
			};
			name = Debug;
		};
		8D342143233D03670039CC8E /* Release */ = {
			isa = XCBuildConfiguration;
			buildSettings = {
				ASSETCATALOG_COMPILER_APPICON_NAME = AppIcon;
				CODE_SIGN_STYLE = Automatic;
				DEVELOPMENT_ASSET_PATHS = "\"DownloadImageSwiftUI/Preview Content\"";
				DEVELOPMENT_TEAM = B2Q8EGNCQA;
				ENABLE_PREVIEWS = YES;
				INFOPLIST_FILE = DownloadImageSwiftUI/Info.plist;
				LD_RUNPATH_SEARCH_PATHS = (
					"$(inherited)",
					"@executable_path/Frameworks",
				);
				PRODUCT_BUNDLE_IDENTIFIER = com.azamsharp.DownloadImageSwiftUI;
				PRODUCT_NAME = "$(TARGET_NAME)";
				SWIFT_VERSION = 5.0;
				TARGETED_DEVICE_FAMILY = "1,2";
			};
			name = Release;
		};
/* End XCBuildConfiguration section */

/* Begin XCConfigurationList section */
		8D342128233D03630039CC8E /* Build configuration list for PBXProject "DownloadImageSwiftUI" */ = {
			isa = XCConfigurationList;
			buildConfigurations = (
				8D34213F233D03670039CC8E /* Debug */,
				8D342140233D03670039CC8E /* Release */,
			);
			defaultConfigurationIsVisible = 0;
			defaultConfigurationName = Release;
		};
		8D342141233D03670039CC8E /* Build configuration list for PBXNativeTarget "DownloadImageSwiftUI" */ = {
			isa = XCConfigurationList;
			buildConfigurations = (
				8D342142233D03670039CC8E /* Debug */,
				8D342143233D03670039CC8E /* Release */,
			);
			defaultConfigurationIsVisible = 0;
			defaultConfigurationName = Release;
		};
/* End XCConfigurationList section */
	};
	rootObject = 8D342125233D03630039CC8E /* Project object */;
}
