// !$*UTF8*$!
{
	archiveVersion = 1;
	classes = {
	};
	objectVersion = 50;
	objects = {

/* Begin PBXBuildFile section */
		8DB836B624797CD8005A38A2 /* AppDelegate.swift in Sources */ = {isa = PBXBuildFile; fileRef = 8DB836B524797CD8005A38A2 /* AppDelegate.swift */; };
		8DB836B824797CD8005A38A2 /* SceneDelegate.swift in Sources */ = {isa = PBXBuildFile; fileRef = 8DB836B724797CD8005A38A2 /* SceneDelegate.swift */; };
		8DB836BA24797CD8005A38A2 /* ContentView.swift in Sources */ = {isa = PBXBuildFile; fileRef = 8DB836B924797CD8005A38A2 /* ContentView.swift */; };
		8DB836BC24797CD9005A38A2 /* Assets.xcassets in Resources */ = {isa = PBXBuildFile; fileRef = 8DB836BB24797CD9005A38A2 /* Assets.xcassets */; };
		8DB836BF24797CD9005A38A2 /* Preview Assets.xcassets in Resources */ = {isa = PBXBuildFile; fileRef = 8DB836BE24797CD9005A38A2 /* Preview Assets.xcassets */; };
		8DB836C224797CD9005A38A2 /* LaunchScreen.storyboard in Resources */ = {isa = PBXBuildFile; fileRef = 8DB836C024797CD9005A38A2 /* LaunchScreen.storyboard */; };
		8DB836CA24797D27005A38A2 /* MultiStateModal.swift in Sources */ = {isa = PBXBuildFile; fileRef = 8DB836C924797D27005A38A2 /* MultiStateModal.swift */; };
		8DB836CC24797DC7005A38A2 /* Card.swift in Sources */ = {isa = PBXBuildFile; fileRef = 8DB836CB24797DC7005A38A2 /* Card.swift */; };
/* End PBXBuildFile section */

/* Begin PBXFileReference section */
		8DB836B224797CD8005A38A2 /* MultiStateModalDemo.app */ = {isa = PBXFileReference; explicitFileType = wrapper.application; includeInIndex = 0; path = MultiStateModalDemo.app; sourceTree = BUILT_PRODUCTS_DIR; };
		8DB836B524797CD8005A38A2 /* AppDelegate.swift */ = {isa = PBXFileReference; lastKnownFileType = sourcecode.swift; path = AppDelegate.swift; sourceTree = "<group>"; };
		8DB836B724797CD8005A38A2 /* SceneDelegate.swift */ = {isa = PBXFileReference; lastKnownFileType = sourcecode.swift; path = SceneDelegate.swift; sourceTree = "<group>"; };
		8DB836B924797CD8005A38A2 /* ContentView.swift */ = {isa = PBXFileReference; lastKnownFileType = sourcecode.swift; path = ContentView.swift; sourceTree = "<group>"; };
		8DB836BB24797CD9005A38A2 /* Assets.xcassets */ = {isa = PBXFileReference; lastKnownFileType = folder.assetcatalog; path = Assets.xcassets; sourceTree = "<group>"; };
		8DB836BE24797CD9005A38A2 /* Preview Assets.xcassets */ = {isa = PBXFileReference; lastKnownFileType = folder.assetcatalog; path = "Preview Assets.xcassets"; sourceTree = "<group>"; };
		8DB836C124797CD9005A38A2 /* Base */ = {isa = PBXFileReference; lastKnownFileType = file.storyboard; name = Base; path = Base.lproj/LaunchScreen.storyboard; sourceTree = "<group>"; };
		8DB836C324797CD9005A38A2 /* Info.plist */ = {isa = PBXFileReference; lastKnownFileType = text.plist.xml; path = Info.plist; sourceTree = "<group>"; };
		8DB836C924797D27005A38A2 /* MultiStateModal.swift */ = {isa = PBXFileReference; lastKnownFileType = sourcecode.swift; path = MultiStateModal.swift; sourceTree = "<group>"; };
		8DB836CB24797DC7005A38A2 /* Card.swift */ = {isa = PBXFileReference; lastKnownFileType = sourcecode.swift; path = Card.swift; sourceTree = "<group>"; };
/* End PBXFileReference section */

/* Begin PBXFrameworksBuildPhase section */
		8DB836AF24797CD8005A38A2 /* Frameworks */ = {
			isa = PBXFrameworksBuildPhase;
			buildActionMask = 2147483647;
			files = (
			);
			runOnlyForDeploymentPostprocessing = 0;
		};
/* End PBXFrameworksBuildPhase section */

/* Begin PBXGroup section */
		8DB836A924797CD8005A38A2 = {
			isa = PBXGroup;
			children = (
				8DB836B424797CD8005A38A2 /* MultiStateModalDemo */,
				8DB836B324797CD8005A38A2 /* Products */,
			);
			sourceTree = "<group>";
		};
		8DB836B324797CD8005A38A2 /* Products */ = {
			isa = PBXGroup;
			children = (
				8DB836B224797CD8005A38A2 /* MultiStateModalDemo.app */,
			);
			name = Products;
			sourceTree = "<group>";
		};
		8DB836B424797CD8005A38A2 /* MultiStateModalDemo */ = {
			isa = PBXGroup;
			children = (
				8DB836B524797CD8005A38A2 /* AppDelegate.swift */,
				8DB836B724797CD8005A38A2 /* SceneDelegate.swift */,
				8DB836B924797CD8005A38A2 /* ContentView.swift */,
				8DB836BB24797CD9005A38A2 /* Assets.xcassets */,
				8DB836C024797CD9005A38A2 /* LaunchScreen.storyboard */,
				8DB836C324797CD9005A38A2 /* Info.plist */,
				8DB836BD24797CD9005A38A2 /* Preview Content */,
				8DB836C924797D27005A38A2 /* MultiStateModal.swift */,
				8DB836CB24797DC7005A38A2 /* Card.swift */,
			);
			path = MultiStateModalDemo;
			sourceTree = "<group>";
		};
		8DB836BD24797CD9005A38A2 /* Preview Content */ = {
			isa = PBXGroup;
			children = (
				8DB836BE24797CD9005A38A2 /* Preview Assets.xcassets */,
			);
			path = "Preview Content";
			sourceTree = "<group>";
		};
/* End PBXGroup section */

/* Begin PBXNativeTarget section */
		8DB836B124797CD8005A38A2 /* MultiStateModalDemo */ = {
			isa = PBXNativeTarget;
			buildConfigurationList = 8DB836C624797CD9005A38A2 /* Build configuration list for PBXNativeTarget "MultiStateModalDemo" */;
			buildPhases = (
				8DB836AE24797CD8005A38A2 /* Sources */,
				8DB836AF24797CD8005A38A2 /* Frameworks */,
				8DB836B024797CD8005A38A2 /* Resources */,
			);
			buildRules = (
			);
			dependencies = (
			);
			name = MultiStateModalDemo;
			productName = MultiStateModalDemo;
			productReference = 8DB836B224797CD8005A38A2 /* MultiStateModalDemo.app */;
			productType = "com.apple.product-type.application";
		};
/* End PBXNativeTarget section */

/* Begin PBXProject section */
		8DB836AA24797CD8005A38A2 /* Project object */ = {
			isa = PBXProject;
			attributes = {
				LastSwiftUpdateCheck = 1140;
				LastUpgradeCheck = 1140;
				ORGANIZATIONNAME = "Mohammad Azam";
				TargetAttributes = {
					8DB836B124797CD8005A38A2 = {
						CreatedOnToolsVersion = 11.4.1;
					};
				};
			};
			buildConfigurationList = 8DB836AD24797CD8005A38A2 /* Build configuration list for PBXProject "MultiStateModalDemo" */;
			compatibilityVersion = "Xcode 9.3";
			developmentRegion = en;
			hasScannedForEncodings = 0;
			knownRegions = (
				en,
				Base,
			);
			mainGroup = 8DB836A924797CD8005A38A2;
			productRefGroup = 8DB836B324797CD8005A38A2 /* Products */;
			projectDirPath = "";
			projectRoot = "";
			targets = (
				8DB836B124797CD8005A38A2 /* MultiStateModalDemo */,
			);
		};
/* End PBXProject section */

/* Begin PBXResourcesBuildPhase section */
		8DB836B024797CD8005A38A2 /* Resources */ = {
			isa = PBXResourcesBuildPhase;
			buildActionMask = 2147483647;
			files = (
				8DB836C224797CD9005A38A2 /* LaunchScreen.storyboard in Resources */,
				8DB836BF24797CD9005A38A2 /* Preview Assets.xcassets in Resources */,
				8DB836BC24797CD9005A38A2 /* Assets.xcassets in Resources */,
			);
			runOnlyForDeploymentPostprocessing = 0;
		};
/* End PBXResourcesBuildPhase section */

/* Begin PBXSourcesBuildPhase section */
		8DB836AE24797CD8005A38A2 /* Sources */ = {
			isa = PBXSourcesBuildPhase;
			buildActionMask = 2147483647;
			files = (
				8DB836B624797CD8005A38A2 /* AppDelegate.swift in Sources */,
				8DB836CA24797D27005A38A2 /* MultiStateModal.swift in Sources */,
				8DB836CC24797DC7005A38A2 /* Card.swift in Sources */,
				8DB836B824797CD8005A38A2 /* SceneDelegate.swift in Sources */,
				8DB836BA24797CD8005A38A2 /* ContentView.swift in Sources */,
			);
			runOnlyForDeploymentPostprocessing = 0;
		};
/* End PBXSourcesBuildPhase section */

/* Begin PBXVariantGroup section */
		8DB836C024797CD9005A38A2 /* LaunchScreen.storyboard */ = {
			isa = PBXVariantGroup;
			children = (
				8DB836C124797CD9005A38A2 /* Base */,
			);
			name = LaunchScreen.storyboard;
			sourceTree = "<group>";
		};
/* End PBXVariantGroup section */

/* Begin XCBuildConfiguration section */
		8DB836C424797CD9005A38A2 /* Debug */ = {
			isa = XCBuildConfiguration;
			buildSettings = {
				ALWAYS_SEARCH_USER_PATHS = NO;
				CLANG_ANALYZER_NONNULL = YES;
				CLANG_ANALYZER_NUMBER_OBJECT_CONVERSION = YES_AGGRESSIVE;
				CLANG_CXX_LANGUAGE_STANDARD = "gnu++14";
				CLANG_CXX_LIBRARY = "libc++";
				CLANG_ENABLE_MODULES = YES;
				CLANG_ENABLE_OBJC_ARC = YES;
				CLANG_ENABLE_OBJC_WEAK = YES;
				CLANG_WARN_BLOCK_CAPTURE_AUTORELEASING = YES;
				CLANG_WARN_BOOL_CONVERSION = YES;
				CLANG_WARN_COMMA = YES;
				CLANG_WARN_CONSTANT_CONVERSION = YES;
				CLANG_WARN_DEPRECATED_OBJC_IMPLEMENTATIONS = YES;
				CLANG_WARN_DIRECT_OBJC_ISA_USAGE = YES_ERROR;
				CLANG_WARN_DOCUMENTATION_COMMENTS = YES;
				CLANG_WARN_EMPTY_BODY = YES;
				CLANG_WARN_ENUM_CONVERSION = YES;
				CLANG_WARN_INFINITE_RECURSION = YES;
				CLANG_WARN_INT_CONVERSION = YES;
				CLANG_WARN_NON_LITERAL_NULL_CONVERSION = YES;
				CLANG_WARN_OBJC_IMPLICIT_RETAIN_SELF = YES;
				CLANG_WARN_OBJC_LITERAL_CONVERSION = YES;
				CLANG_WARN_OBJC_ROOT_CLASS = YES_ERROR;
				CLANG_WARN_RANGE_LOOP_ANALYSIS = YES;
				CLANG_WARN_STRICT_PROTOTYPES = YES;
				CLANG_WARN_SUSPICIOUS_MOVE = YES;
				CLANG_WARN_UNGUARDED_AVAILABILITY = YES_AGGRESSIVE;
				CLANG_WARN_UNREACHABLE_CODE = YES;
				CLANG_WARN__DUPLICATE_METHOD_MATCH = YES;
				COPY_PHASE_STRIP = NO;
				DEBUG_INFORMATION_FORMAT = dwarf;
				ENABLE_STRICT_OBJC_MSGSEND = YES;
				ENABLE_TESTABILITY = YES;
				GCC_C_LANGUAGE_STANDARD = gnu11;
				GCC_DYNAMIC_NO_PIC = NO;
				GCC_NO_COMMON_BLOCKS = YES;
				GCC_OPTIMIZATION_LEVEL = 0;
				GCC_PREPROCESSOR_DEFINITIONS = (
					"DEBUG=1",
					"$(inherited)",
				);
				GCC_WARN_64_TO_32_BIT_CONVERSION = YES;
				GCC_WARN_ABOUT_RETURN_TYPE = YES_ERROR;
				GCC_WARN_UNDECLARED_SELECTOR = YES;
				GCC_WARN_UNINITIALIZED_AUTOS = YES_AGGRESSIVE;
				GCC_WARN_UNUSED_FUNCTION = YES;
				GCC_WARN_UNUSED_VARIABLE = YES;
				IPHONEOS_DEPLOYMENT_TARGET = 13.4;
				MTL_ENABLE_DEBUG_INFO = INCLUDE_SOURCE;
				MTL_FAST_MATH = YES;
				ONLY_ACTIVE_ARCH = YES;
				SDKROOT = iphoneos;
				SWIFT_ACTIVE_COMPILATION_CONDITIONS = DEBUG;
				SWIFT_OPTIMIZATION_LEVEL = "-Onone";
			};
			name = Debug;
		};
		8DB836C524797CD9005A38A2 /* Release */ = {
			isa = XCBuildConfiguration;
			buildSettings = {
				ALWAYS_SEARCH_USER_PATHS = NO;
				CLANG_ANALYZER_NONNULL = YES;
				CLANG_ANALYZER_NUMBER_OBJECT_CONVERSION = YES_AGGRESSIVE;
				CLANG_CXX_LANGUAGE_STANDARD = "gnu++14";
				CLANG_CXX_LIBRARY = "libc++";
				CLANG_ENABLE_MODULES = YES;
				CLANG_ENABLE_OBJC_ARC = YES;
				CLANG_ENABLE_OBJC_WEAK = YES;
				CLANG_WARN_BLOCK_CAPTURE_AUTORELEASING = YES;
				CLANG_WARN_BOOL_CONVERSION = YES;
				CLANG_WARN_COMMA = YES;
				CLANG_WARN_CONSTANT_CONVERSION = YES;
				CLANG_WARN_DEPRECATED_OBJC_IMPLEMENTATIONS = YES;
				CLANG_WARN_DIRECT_OBJC_ISA_USAGE = YES_ERROR;
				CLANG_WARN_DOCUMENTATION_COMMENTS = YES;
				CLANG_WARN_EMPTY_BODY = YES;
				CLANG_WARN_ENUM_CONVERSION = YES;
				CLANG_WARN_INFINITE_RECURSION = YES;
				CLANG_WARN_INT_CONVERSION = YES;
				CLANG_WARN_NON_LITERAL_NULL_CONVERSION = YES;
				CLANG_WARN_OBJC_IMPLICIT_RETAIN_SELF = YES;
				CLANG_WARN_OBJC_LITERAL_CONVERSION = YES;
				CLANG_WARN_OBJC_ROOT_CLASS = YES_ERROR;
				CLANG_WARN_RANGE_LOOP_ANALYSIS = YES;
				CLANG_WARN_STRICT_PROTOTYPES = YES;
				CLANG_WARN_SUSPICIOUS_MOVE = YES;
				CLANG_WARN_UNGUARDED_AVAILABILITY = YES_AGGRESSIVE;
				CLANG_WARN_UNREACHABLE_CODE = YES;
				CLANG_WARN__DUPLICATE_METHOD_MATCH = YES;
				COPY_PHASE_STRIP = NO;
				DEBUG_INFORMATION_FORMAT = "dwarf-with-dsym";
				ENABLE_NS_ASSERTIONS = NO;
				ENABLE_STRICT_OBJC_MSGSEND = YES;
				GCC_C_LANGUAGE_STANDARD = gnu11;
				GCC_NO_COMMON_BLOCKS = YES;
				GCC_WARN_64_TO_32_BIT_CONVERSION = YES;
				GCC_WARN_ABOUT_RETURN_TYPE = YES_ERROR;
				GCC_WARN_UNDECLARED_SELECTOR = YES;
				GCC_WARN_UNINITIALIZED_AUTOS = YES_AGGRESSIVE;
				GCC_WARN_UNUSED_FUNCTION = YES;
				GCC_WARN_UNUSED_VARIABLE = YES;
				IPHONEOS_DEPLOYMENT_TARGET = 13.4;
				MTL_ENABLE_DEBUG_INFO = NO;
				MTL_FAST_MATH = YES;
				SDKROOT = iphoneos;
				SWIFT_COMPILATION_MODE = wholemodule;
				SWIFT_OPTIMIZATION_LEVEL = "-O";
				VALIDATE_PRODUCT = YES;
			};
			name = Release;
		};
		8DB836C724797CD9005A38A2 /* Debug */ = {
			isa = XCBuildConfiguration;
			buildSettings = {
				ASSETCATALOG_COMPILER_APPICON_NAME = AppIcon;
				CODE_SIGN_STYLE = Automatic;
				DEVELOPMENT_ASSET_PATHS = "\"MultiStateModalDemo/Preview Content\"";
				DEVELOPMENT_TEAM = B2Q8EGNCQA;
				ENABLE_PREVIEWS = YES;
				INFOPLIST_FILE = MultiStateModalDemo/Info.plist;
				LD_RUNPATH_SEARCH_PATHS = (
					"$(inherited)",
					"@executable_path/Frameworks",
				);
				PRODUCT_BUNDLE_IDENTIFIER = com.azamsharp.MultiStateModalDemo;
				PRODUCT_NAME = "$(TARGET_NAME)";
				SWIFT_VERSION = 5.0;
				TARGETED_DEVICE_FAMILY = "1,2";
			};
			name = Debug;
		};
		8DB836C824797CD9005A38A2 /* Release */ = {
			isa = XCBuildConfiguration;
			buildSettings = {
				ASSETCATALOG_COMPILER_APPICON_NAME = AppIcon;
				CODE_SIGN_STYLE = Automatic;
				DEVELOPMENT_ASSET_PATHS = "\"MultiStateModalDemo/Preview Content\"";
				DEVELOPMENT_TEAM = B2Q8EGNCQA;
				ENABLE_PREVIEWS = YES;
				INFOPLIST_FILE = MultiStateModalDemo/Info.plist;
				LD_RUNPATH_SEARCH_PATHS = (
					"$(inherited)",
					"@executable_path/Frameworks",
				);
				PRODUCT_BUNDLE_IDENTIFIER = com.azamsharp.MultiStateModalDemo;
				PRODUCT_NAME = "$(TARGET_NAME)";
				SWIFT_VERSION = 5.0;
				TARGETED_DEVICE_FAMILY = "1,2";
			};
			name = Release;
		};
/* End XCBuildConfiguration section */

/* Begin XCConfigurationList section */
		8DB836AD24797CD8005A38A2 /* Build configuration list for PBXProject "MultiStateModalDemo" */ = {
			isa = XCConfigurationList;
			buildConfigurations = (
				8DB836C424797CD9005A38A2 /* Debug */,
				8DB836C524797CD9005A38A2 /* Release */,
			);
			defaultConfigurationIsVisible = 0;
			defaultConfigurationName = Release;
		};
		8DB836C624797CD9005A38A2 /* Build configuration list for PBXNativeTarget "MultiStateModalDemo" */ = {
			isa = XCConfigurationList;
			buildConfigurations = (
				8DB836C724797CD9005A38A2 /* Debug */,
				8DB836C824797CD9005A38A2 /* Release */,
			);
			defaultConfigurationIsVisible = 0;
			defaultConfigurationName = Release;
		};
/* End XCConfigurationList section */
	};
	rootObject = 8DB836AA24797CD8005A38A2 /* Project object */;
}
